// !$*UTF8*$!
{
	archiveVersion = 1;
	classes = {
	};
	objectVersion = 46;
	objects = {

/* Begin PBXBuildFile section */
		5494EE27037019F0E9C098AA /* Pods_esriTrial1.framework in Frameworks */ = {isa = PBXBuildFile; fileRef = 5A4FC0209A3A6E7A1A3523BC /* Pods_esriTrial1.framework */; };
		DB16CA4A1F1D4ADA003A0635 /* EsriRoutingBenchmarkViewController.swift in Sources */ = {isa = PBXBuildFile; fileRef = DB16CA491F1D4ADA003A0635 /* EsriRoutingBenchmarkViewController.swift */; };
		DB3F20851F145C4100EB0B32 /* GMapBenchmarkViewController.swift in Sources */ = {isa = PBXBuildFile; fileRef = DB3F20831F145C4100EB0B32 /* GMapBenchmarkViewController.swift */; };
		DB3F208A1F14622E00EB0B32 /* keys.plist in Resources */ = {isa = PBXBuildFile; fileRef = DB3F20891F14622E00EB0B32 /* keys.plist */; };
		DB61C1221F1D4D4300ECA3A4 /* ArcGIS.bundle in Resources */ = {isa = PBXBuildFile; fileRef = DB61C1211F1D4D4300ECA3A4 /* ArcGIS.bundle */; };
		DB61C12E1F1D4E8800ECA3A4 /* sandiego.geodatabase in Resources */ = {isa = PBXBuildFile; fileRef = DB61C1251F1D4E8800ECA3A4 /* sandiego.geodatabase */; };
		DB61C12F1F1D4E8800ECA3A4 /* Streets_ND_adjacencies in Resources */ = {isa = PBXBuildFile; fileRef = DB61C1271F1D4E8800ECA3A4 /* Streets_ND_adjacencies */; };
		DB61C1301F1D4E8800ECA3A4 /* Streets_ND_edge_chains in Resources */ = {isa = PBXBuildFile; fileRef = DB61C1281F1D4E8800ECA3A4 /* Streets_ND_edge_chains */; };
		DB61C1311F1D4E8800ECA3A4 /* Streets_ND_historical_traffic in Resources */ = {isa = PBXBuildFile; fileRef = DB61C1291F1D4E8800ECA3A4 /* Streets_ND_historical_traffic */; };
		DB61C1321F1D4E8800ECA3A4 /* Streets_ND_schema in Resources */ = {isa = PBXBuildFile; fileRef = DB61C12A1F1D4E8800ECA3A4 /* Streets_ND_schema */; };
		DB61C1331F1D4E8800ECA3A4 /* Streets_ND_source_data in Resources */ = {isa = PBXBuildFile; fileRef = DB61C12B1F1D4E8800ECA3A4 /* Streets_ND_source_data */; };
		DB61C1341F1D4E8800ECA3A4 /* Streets_ND_weight_values in Resources */ = {isa = PBXBuildFile; fileRef = DB61C12C1F1D4E8800ECA3A4 /* Streets_ND_weight_values */; };
		DB61C1351F1D4E8800ECA3A4 /* streetmap_SD.tpk in Resources */ = {isa = PBXBuildFile; fileRef = DB61C12D1F1D4E8800ECA3A4 /* streetmap_SD.tpk */; };
		DBAD71011F168F1E004EF227 /* Benchmarker.swift in Sources */ = {isa = PBXBuildFile; fileRef = DBAD71001F168F1E004EF227 /* Benchmarker.swift */; };
		DBAD71031F169E57004EF227 /* MapboxBenchmarkViewController.swift in Sources */ = {isa = PBXBuildFile; fileRef = DBAD71021F169E57004EF227 /* MapboxBenchmarkViewController.swift */; };
		DBBE50711F141F4F00CA0A96 /* EsriBenchmarkViewController.swift in Sources */ = {isa = PBXBuildFile; fileRef = DBBE50701F141F4F00CA0A96 /* EsriBenchmarkViewController.swift */; };
		DBE3AA901F0ABF41002E90D1 /* CustomCalloutView.swift in Sources */ = {isa = PBXBuildFile; fileRef = DBE3AA8E1F0ABF41002E90D1 /* CustomCalloutView.swift */; };
		DBE3AA911F0ABF41002E90D1 /* CustomCalloutView.xib in Resources */ = {isa = PBXBuildFile; fileRef = DBE3AA8F1F0ABF41002E90D1 /* CustomCalloutView.xib */; };
		DBE3AA931F0AC547002E90D1 /* Place.swift in Sources */ = {isa = PBXBuildFile; fileRef = DBE3AA921F0AC547002E90D1 /* Place.swift */; };
		FFCDD7C01F02285D00531638 /* AppDelegate.swift in Sources */ = {isa = PBXBuildFile; fileRef = FFCDD7BF1F02285D00531638 /* AppDelegate.swift */; };
		FFCDD7C21F02285D00531638 /* ViewController.swift in Sources */ = {isa = PBXBuildFile; fileRef = FFCDD7C11F02285D00531638 /* ViewController.swift */; };
		FFCDD7C51F02285D00531638 /* Main.storyboard in Resources */ = {isa = PBXBuildFile; fileRef = FFCDD7C31F02285D00531638 /* Main.storyboard */; };
		FFCDD7C71F02285D00531638 /* Assets.xcassets in Resources */ = {isa = PBXBuildFile; fileRef = FFCDD7C61F02285D00531638 /* Assets.xcassets */; };
		FFCDD7CA1F02285D00531638 /* LaunchScreen.storyboard in Resources */ = {isa = PBXBuildFile; fileRef = FFCDD7C81F02285D00531638 /* LaunchScreen.storyboard */; };
/* End PBXBuildFile section */

/* Begin PBXFileReference section */
		5A4FC0209A3A6E7A1A3523BC /* Pods_esriTrial1.framework */ = {isa = PBXFileReference; explicitFileType = wrapper.framework; includeInIndex = 0; path = Pods_esriTrial1.framework; sourceTree = BUILT_PRODUCTS_DIR; };
		DB16CA491F1D4ADA003A0635 /* EsriRoutingBenchmarkViewController.swift */ = {isa = PBXFileReference; fileEncoding = 4; lastKnownFileType = sourcecode.swift; path = EsriRoutingBenchmarkViewController.swift; sourceTree = "<group>"; };
		DB3F20831F145C4100EB0B32 /* GMapBenchmarkViewController.swift */ = {isa = PBXFileReference; fileEncoding = 4; lastKnownFileType = sourcecode.swift; path = GMapBenchmarkViewController.swift; sourceTree = "<group>"; };
		DB3F20891F14622E00EB0B32 /* keys.plist */ = {isa = PBXFileReference; fileEncoding = 4; lastKnownFileType = text.plist.xml; path = keys.plist; sourceTree = "<group>"; };
		DB61C1211F1D4D4300ECA3A4 /* ArcGIS.bundle */ = {isa = PBXFileReference; lastKnownFileType = "wrapper.plug-in"; name = ArcGIS.bundle; path = ../../../Library/SDKs/ArcGIS/iOS/Frameworks/Static/ArcGIS.framework/Versions/Current/Resources/ArcGIS.bundle; sourceTree = "<group>"; };
		DB61C1251F1D4E8800ECA3A4 /* sandiego.geodatabase */ = {isa = PBXFileReference; lastKnownFileType = file; path = sandiego.geodatabase; sourceTree = "<group>"; };
		DB61C1271F1D4E8800ECA3A4 /* Streets_ND_adjacencies */ = {isa = PBXFileReference; lastKnownFileType = file; path = Streets_ND_adjacencies; sourceTree = "<group>"; };
		DB61C1281F1D4E8800ECA3A4 /* Streets_ND_edge_chains */ = {isa = PBXFileReference; lastKnownFileType = file; path = Streets_ND_edge_chains; sourceTree = "<group>"; };
		DB61C1291F1D4E8800ECA3A4 /* Streets_ND_historical_traffic */ = {isa = PBXFileReference; lastKnownFileType = file; path = Streets_ND_historical_traffic; sourceTree = "<group>"; };
		DB61C12A1F1D4E8800ECA3A4 /* Streets_ND_schema */ = {isa = PBXFileReference; lastKnownFileType = file; path = Streets_ND_schema; sourceTree = "<group>"; };
		DB61C12B1F1D4E8800ECA3A4 /* Streets_ND_source_data */ = {isa = PBXFileReference; lastKnownFileType = file; path = Streets_ND_source_data; sourceTree = "<group>"; };
		DB61C12C1F1D4E8800ECA3A4 /* Streets_ND_weight_values */ = {isa = PBXFileReference; lastKnownFileType = file; path = Streets_ND_weight_values; sourceTree = "<group>"; };
		DB61C12D1F1D4E8800ECA3A4 /* streetmap_SD.tpk */ = {isa = PBXFileReference; lastKnownFileType = file; path = streetmap_SD.tpk; sourceTree = "<group>"; };
		DBAD71001F168F1E004EF227 /* Benchmarker.swift */ = {isa = PBXFileReference; fileEncoding = 4; lastKnownFileType = sourcecode.swift; path = Benchmarker.swift; sourceTree = "<group>"; };
		DBAD71021F169E57004EF227 /* MapboxBenchmarkViewController.swift */ = {isa = PBXFileReference; fileEncoding = 4; lastKnownFileType = sourcecode.swift; path = MapboxBenchmarkViewController.swift; sourceTree = "<group>"; };
		DBBE50701F141F4F00CA0A96 /* EsriBenchmarkViewController.swift */ = {isa = PBXFileReference; fileEncoding = 4; lastKnownFileType = sourcecode.swift; path = EsriBenchmarkViewController.swift; sourceTree = "<group>"; };
		DBE3AA8E1F0ABF41002E90D1 /* CustomCalloutView.swift */ = {isa = PBXFileReference; fileEncoding = 4; lastKnownFileType = sourcecode.swift; path = CustomCalloutView.swift; sourceTree = "<group>"; };
		DBE3AA8F1F0ABF41002E90D1 /* CustomCalloutView.xib */ = {isa = PBXFileReference; fileEncoding = 4; lastKnownFileType = file.xib; path = CustomCalloutView.xib; sourceTree = "<group>"; };
		DBE3AA921F0AC547002E90D1 /* Place.swift */ = {isa = PBXFileReference; fileEncoding = 4; lastKnownFileType = sourcecode.swift; path = Place.swift; sourceTree = "<group>"; };
		F2F41FFF0C0DF64B0E326223 /* Pods-esriTrial1.release.xcconfig */ = {isa = PBXFileReference; includeInIndex = 1; lastKnownFileType = text.xcconfig; name = "Pods-esriTrial1.release.xcconfig"; path = "Pods/Target Support Files/Pods-esriTrial1/Pods-esriTrial1.release.xcconfig"; sourceTree = "<group>"; };
		F7BA0F491471C01E61DA6884 /* Pods-esriTrial1.debug.xcconfig */ = {isa = PBXFileReference; includeInIndex = 1; lastKnownFileType = text.xcconfig; name = "Pods-esriTrial1.debug.xcconfig"; path = "Pods/Target Support Files/Pods-esriTrial1/Pods-esriTrial1.debug.xcconfig"; sourceTree = "<group>"; };
		FFCDD7BC1F02285D00531638 /* esriTrial1.app */ = {isa = PBXFileReference; explicitFileType = wrapper.application; includeInIndex = 0; path = esriTrial1.app; sourceTree = BUILT_PRODUCTS_DIR; };
		FFCDD7BF1F02285D00531638 /* AppDelegate.swift */ = {isa = PBXFileReference; lastKnownFileType = sourcecode.swift; path = AppDelegate.swift; sourceTree = "<group>"; };
		FFCDD7C11F02285D00531638 /* ViewController.swift */ = {isa = PBXFileReference; lastKnownFileType = sourcecode.swift; path = ViewController.swift; sourceTree = "<group>"; };
		FFCDD7C41F02285D00531638 /* Base */ = {isa = PBXFileReference; lastKnownFileType = file.storyboard; name = Base; path = Base.lproj/Main.storyboard; sourceTree = "<group>"; };
		FFCDD7C61F02285D00531638 /* Assets.xcassets */ = {isa = PBXFileReference; lastKnownFileType = folder.assetcatalog; path = Assets.xcassets; sourceTree = "<group>"; };
		FFCDD7C91F02285D00531638 /* Base */ = {isa = PBXFileReference; lastKnownFileType = file.storyboard; name = Base; path = Base.lproj/LaunchScreen.storyboard; sourceTree = "<group>"; };
		FFCDD7CB1F02285D00531638 /* Info.plist */ = {isa = PBXFileReference; lastKnownFileType = text.plist.xml; path = Info.plist; sourceTree = "<group>"; };
/* End PBXFileReference section */

/* Begin PBXFrameworksBuildPhase section */
		FFCDD7B91F02285D00531638 /* Frameworks */ = {
			isa = PBXFrameworksBuildPhase;
			buildActionMask = 2147483647;
			files = (
				5494EE27037019F0E9C098AA /* Pods_esriTrial1.framework in Frameworks */,
			);
			runOnlyForDeploymentPostprocessing = 0;
		};
/* End PBXFrameworksBuildPhase section */

/* Begin PBXGroup section */
		9315F0FAB39220CAF72AB08D /* Pods */ = {
			isa = PBXGroup;
			children = (
				F7BA0F491471C01E61DA6884 /* Pods-esriTrial1.debug.xcconfig */,
				F2F41FFF0C0DF64B0E326223 /* Pods-esriTrial1.release.xcconfig */,
			);
			name = Pods;
			sourceTree = "<group>";
		};
		C2D10D1598D956F112DC8247 /* Frameworks */ = {
			isa = PBXGroup;
			children = (
				DB61C1211F1D4D4300ECA3A4 /* ArcGIS.bundle */,
				5A4FC0209A3A6E7A1A3523BC /* Pods_esriTrial1.framework */,
			);
			name = Frameworks;
			sourceTree = "<group>";
		};
		DB61C1231F1D4E8800ECA3A4 /* SharedResources */ = {
			isa = PBXGroup;
			children = (
				DB61C1241F1D4E8800ECA3A4 /* san-diego */,
				DB61C12D1F1D4E8800ECA3A4 /* streetmap_SD.tpk */,
			);
			path = SharedResources;
			sourceTree = "<group>";
		};
		DB61C1241F1D4E8800ECA3A4 /* san-diego */ = {
			isa = PBXGroup;
			children = (
				DB61C1251F1D4E8800ECA3A4 /* sandiego.geodatabase */,
				DB61C1261F1D4E8800ECA3A4 /* sandiego.tn */,
			);
			path = "san-diego";
			sourceTree = "<group>";
		};
		DB61C1261F1D4E8800ECA3A4 /* sandiego.tn */ = {
			isa = PBXGroup;
			children = (
				DB61C1271F1D4E8800ECA3A4 /* Streets_ND_adjacencies */,
				DB61C1281F1D4E8800ECA3A4 /* Streets_ND_edge_chains */,
				DB61C1291F1D4E8800ECA3A4 /* Streets_ND_historical_traffic */,
				DB61C12A1F1D4E8800ECA3A4 /* Streets_ND_schema */,
				DB61C12B1F1D4E8800ECA3A4 /* Streets_ND_source_data */,
				DB61C12C1F1D4E8800ECA3A4 /* Streets_ND_weight_values */,
			);
			path = sandiego.tn;
			sourceTree = "<group>";
		};
		FFCDD7B31F02285C00531638 = {
			isa = PBXGroup;
			children = (
				FFCDD7BE1F02285D00531638 /* esriTrial1 */,
				FFCDD7BD1F02285D00531638 /* Products */,
				9315F0FAB39220CAF72AB08D /* Pods */,
				C2D10D1598D956F112DC8247 /* Frameworks */,
			);
			sourceTree = "<group>";
		};
		FFCDD7BD1F02285D00531638 /* Products */ = {
			isa = PBXGroup;
			children = (
				FFCDD7BC1F02285D00531638 /* esriTrial1.app */,
			);
			name = Products;
			sourceTree = "<group>";
		};
		FFCDD7BE1F02285D00531638 /* esriTrial1 */ = {
			isa = PBXGroup;
			children = (
				DB61C1231F1D4E8800ECA3A4 /* SharedResources */,
				DBE3AA8E1F0ABF41002E90D1 /* CustomCalloutView.swift */,
				DBE3AA8F1F0ABF41002E90D1 /* CustomCalloutView.xib */,
				FFCDD7BF1F02285D00531638 /* AppDelegate.swift */,
				FFCDD7C11F02285D00531638 /* ViewController.swift */,
				FFCDD7C31F02285D00531638 /* Main.storyboard */,
				FFCDD7C61F02285D00531638 /* Assets.xcassets */,
				FFCDD7C81F02285D00531638 /* LaunchScreen.storyboard */,
				FFCDD7CB1F02285D00531638 /* Info.plist */,
				DBE3AA921F0AC547002E90D1 /* Place.swift */,
				DBBE50701F141F4F00CA0A96 /* EsriBenchmarkViewController.swift */,
				DB3F20831F145C4100EB0B32 /* GMapBenchmarkViewController.swift */,
				DB3F20891F14622E00EB0B32 /* keys.plist */,
				DBAD71001F168F1E004EF227 /* Benchmarker.swift */,
				DBAD71021F169E57004EF227 /* MapboxBenchmarkViewController.swift */,
				DB16CA491F1D4ADA003A0635 /* EsriRoutingBenchmarkViewController.swift */,
			);
			path = esriTrial1;
			sourceTree = "<group>";
		};
/* End PBXGroup section */

/* Begin PBXNativeTarget section */
		FFCDD7BB1F02285D00531638 /* esriTrial1 */ = {
			isa = PBXNativeTarget;
			buildConfigurationList = FFCDD7CE1F02285D00531638 /* Build configuration list for PBXNativeTarget "esriTrial1" */;
			buildPhases = (
				EA949B7183184C63E88D56D3 /* [CP] Check Pods Manifest.lock */,
				FFCDD7B81F02285D00531638 /* Sources */,
				FFCDD7B91F02285D00531638 /* Frameworks */,
				FFCDD7BA1F02285D00531638 /* Resources */,
				81FB08AF57551FF2767E8A78 /* [CP] Embed Pods Frameworks */,
				2553EBC149C229877DF62840 /* [CP] Copy Pods Resources */,
				DBAD71041F16BFEF004EF227 /* ShellScript */,
			);
			buildRules = (
			);
			dependencies = (
			);
			name = esriTrial1;
			productName = esriTrial1;
			productReference = FFCDD7BC1F02285D00531638 /* esriTrial1.app */;
			productType = "com.apple.product-type.application";
		};
/* End PBXNativeTarget section */

/* Begin PBXProject section */
		FFCDD7B41F02285D00531638 /* Project object */ = {
			isa = PBXProject;
			attributes = {
				LastSwiftUpdateCheck = 0830;
				LastUpgradeCheck = 0830;
				ORGANIZATIONNAME = "Tushar Koul";
				TargetAttributes = {
					FFCDD7BB1F02285D00531638 = {
						CreatedOnToolsVersion = 8.3.3;
						DevelopmentTeam = 7AHA4TWS4Y;
						ProvisioningStyle = Automatic;
					};
				};
			};
			buildConfigurationList = FFCDD7B71F02285D00531638 /* Build configuration list for PBXProject "esriTrial1" */;
			compatibilityVersion = "Xcode 3.2";
			developmentRegion = English;
			hasScannedForEncodings = 0;
			knownRegions = (
				en,
				Base,
			);
			mainGroup = FFCDD7B31F02285C00531638;
			productRefGroup = FFCDD7BD1F02285D00531638 /* Products */;
			projectDirPath = "";
			projectRoot = "";
			targets = (
				FFCDD7BB1F02285D00531638 /* esriTrial1 */,
			);
		};
/* End PBXProject section */

/* Begin PBXResourcesBuildPhase section */
		FFCDD7BA1F02285D00531638 /* Resources */ = {
			isa = PBXResourcesBuildPhase;
			buildActionMask = 2147483647;
			files = (
				FFCDD7CA1F02285D00531638 /* LaunchScreen.storyboard in Resources */,
				DB61C1221F1D4D4300ECA3A4 /* ArcGIS.bundle in Resources */,
				DB61C12F1F1D4E8800ECA3A4 /* Streets_ND_adjacencies in Resources */,
				DB3F208A1F14622E00EB0B32 /* keys.plist in Resources */,
				DB61C1351F1D4E8800ECA3A4 /* streetmap_SD.tpk in Resources */,
				FFCDD7C71F02285D00531638 /* Assets.xcassets in Resources */,
				DBE3AA911F0ABF41002E90D1 /* CustomCalloutView.xib in Resources */,
				DB61C1331F1D4E8800ECA3A4 /* Streets_ND_source_data in Resources */,
				FFCDD7C51F02285D00531638 /* Main.storyboard in Resources */,
				DB61C1321F1D4E8800ECA3A4 /* Streets_ND_schema in Resources */,
				DB61C1341F1D4E8800ECA3A4 /* Streets_ND_weight_values in Resources */,
				DB61C1311F1D4E8800ECA3A4 /* Streets_ND_historical_traffic in Resources */,
				DB61C1301F1D4E8800ECA3A4 /* Streets_ND_edge_chains in Resources */,
				DB61C12E1F1D4E8800ECA3A4 /* sandiego.geodatabase in Resources */,
			);
			runOnlyForDeploymentPostprocessing = 0;
		};
/* End PBXResourcesBuildPhase section */

/* Begin PBXShellScriptBuildPhase section */
		2553EBC149C229877DF62840 /* [CP] Copy Pods Resources */ = {
			isa = PBXShellScriptBuildPhase;
			buildActionMask = 2147483647;
			files = (
			);
			inputPaths = (
			);
			name = "[CP] Copy Pods Resources";
			outputPaths = (
			);
			runOnlyForDeploymentPostprocessing = 0;
			shellPath = /bin/sh;
			shellScript = "\"${SRCROOT}/Pods/Target Support Files/Pods-esriTrial1/Pods-esriTrial1-resources.sh\"\n";
			showEnvVarsInLog = 0;
		};
		81FB08AF57551FF2767E8A78 /* [CP] Embed Pods Frameworks */ = {
			isa = PBXShellScriptBuildPhase;
			buildActionMask = 2147483647;
			files = (
			);
			inputPaths = (
			);
			name = "[CP] Embed Pods Frameworks";
			outputPaths = (
			);
			runOnlyForDeploymentPostprocessing = 0;
			shellPath = /bin/sh;
			shellScript = "\"${SRCROOT}/Pods/Target Support Files/Pods-esriTrial1/Pods-esriTrial1-frameworks.sh\"\n";
			showEnvVarsInLog = 0;
		};
		DBAD71041F16BFEF004EF227 /* ShellScript */ = {
			isa = PBXShellScriptBuildPhase;
			buildActionMask = 2147483647;
			files = (
			);
			inputPaths = (
			);
			outputPaths = (
			);
			runOnlyForDeploymentPostprocessing = 0;
			shellPath = /bin/sh;
			shellScript = "token_file=$SRCROOT/esriTrial1/MapboxKey\ncwd\ntoken=\"$(cat $token_file)\"\nif [ \"$token\" ]; then\nplutil -replace MGLMapboxAccessToken -string $token \"$TARGET_BUILD_DIR/$INFOPLIST_PATH\"\nelse\necho 'error: Missing Mapbox access token'\nopen 'https://www.mapbox.com/studio/account/tokens/'\necho \"error: Get an access token from <https://www.mapbox.com/studio/account/tokens/>, then create a new file at $token_file that contains the access token.\"\nexit 1\nfi\n";
		};
		EA949B7183184C63E88D56D3 /* [CP] Check Pods Manifest.lock */ = {
			isa = PBXShellScriptBuildPhase;
			buildActionMask = 2147483647;
			files = (
			);
			inputPaths = (
			);
			name = "[CP] Check Pods Manifest.lock";
			outputPaths = (
			);
			runOnlyForDeploymentPostprocessing = 0;
			shellPath = /bin/sh;
			shellScript = "diff \"${PODS_PODFILE_DIR_PATH}/Podfile.lock\" \"${PODS_ROOT}/Manifest.lock\" > /dev/null\nif [ $? != 0 ] ; then\n    # print error to STDERR\n    echo \"error: The sandbox is not in sync with the Podfile.lock. Run 'pod install' or update your CocoaPods installation.\" >&2\n    exit 1\nfi\n";
			showEnvVarsInLog = 0;
		};
/* End PBXShellScriptBuildPhase section */

/* Begin PBXSourcesBuildPhase section */
		FFCDD7B81F02285D00531638 /* Sources */ = {
			isa = PBXSourcesBuildPhase;
			buildActionMask = 2147483647;
			files = (
				DBE3AA901F0ABF41002E90D1 /* CustomCalloutView.swift in Sources */,
				DB16CA4A1F1D4ADA003A0635 /* EsriRoutingBenchmarkViewController.swift in Sources */,
				FFCDD7C21F02285D00531638 /* ViewController.swift in Sources */,
				FFCDD7C01F02285D00531638 /* AppDelegate.swift in Sources */,
				DBE3AA931F0AC547002E90D1 /* Place.swift in Sources */,
				DBBE50711F141F4F00CA0A96 /* EsriBenchmarkViewController.swift in Sources */,
				DB3F20851F145C4100EB0B32 /* GMapBenchmarkViewController.swift in Sources */,
				DBAD71011F168F1E004EF227 /* Benchmarker.swift in Sources */,
				DBAD71031F169E57004EF227 /* MapboxBenchmarkViewController.swift in Sources */,
			);
			runOnlyForDeploymentPostprocessing = 0;
		};
/* End PBXSourcesBuildPhase section */

/* Begin PBXVariantGroup section */
		FFCDD7C31F02285D00531638 /* Main.storyboard */ = {
			isa = PBXVariantGroup;
			children = (
				FFCDD7C41F02285D00531638 /* Base */,
			);
			name = Main.storyboard;
			sourceTree = "<group>";
		};
		FFCDD7C81F02285D00531638 /* LaunchScreen.storyboard */ = {
			isa = PBXVariantGroup;
			children = (
				FFCDD7C91F02285D00531638 /* Base */,
			);
			name = LaunchScreen.storyboard;
			sourceTree = "<group>";
		};
/* End PBXVariantGroup section */

/* Begin XCBuildConfiguration section */
		FFCDD7CC1F02285D00531638 /* Debug */ = {
			isa = XCBuildConfiguration;
			buildSettings = {
				ALWAYS_SEARCH_USER_PATHS = NO;
				CLANG_ANALYZER_NONNULL = YES;
				CLANG_ANALYZER_NUMBER_OBJECT_CONVERSION = YES_AGGRESSIVE;
				CLANG_CXX_LANGUAGE_STANDARD = "gnu++0x";
				CLANG_CXX_LIBRARY = "libc++";
				CLANG_ENABLE_MODULES = YES;
				CLANG_ENABLE_OBJC_ARC = YES;
				CLANG_WARN_BOOL_CONVERSION = YES;
				CLANG_WARN_CONSTANT_CONVERSION = YES;
				CLANG_WARN_DIRECT_OBJC_ISA_USAGE = YES_ERROR;
				CLANG_WARN_DOCUMENTATION_COMMENTS = YES;
				CLANG_WARN_EMPTY_BODY = YES;
				CLANG_WARN_ENUM_CONVERSION = YES;
				CLANG_WARN_INFINITE_RECURSION = YES;
				CLANG_WARN_INT_CONVERSION = YES;
				CLANG_WARN_OBJC_ROOT_CLASS = YES_ERROR;
				CLANG_WARN_SUSPICIOUS_MOVE = YES;
				CLANG_WARN_UNREACHABLE_CODE = YES;
				CLANG_WARN__DUPLICATE_METHOD_MATCH = YES;
				"CODE_SIGN_IDENTITY[sdk=iphoneos*]" = "iPhone Developer";
				COPY_PHASE_STRIP = NO;
				DEBUG_INFORMATION_FORMAT = dwarf;
				ENABLE_STRICT_OBJC_MSGSEND = YES;
				ENABLE_TESTABILITY = YES;
				GCC_C_LANGUAGE_STANDARD = gnu99;
				GCC_DYNAMIC_NO_PIC = NO;
				GCC_NO_COMMON_BLOCKS = YES;
				GCC_OPTIMIZATION_LEVEL = 0;
				GCC_PREPROCESSOR_DEFINITIONS = (
					"DEBUG=1",
					"$(inherited)",
				);
				GCC_WARN_64_TO_32_BIT_CONVERSION = YES;
				GCC_WARN_ABOUT_RETURN_TYPE = YES_ERROR;
				GCC_WARN_UNDECLARED_SELECTOR = YES;
				GCC_WARN_UNINITIALIZED_AUTOS = YES_AGGRESSIVE;
				GCC_WARN_UNUSED_FUNCTION = YES;
				GCC_WARN_UNUSED_VARIABLE = YES;
				IPHONEOS_DEPLOYMENT_TARGET = 10.3;
				MTL_ENABLE_DEBUG_INFO = YES;
				ONLY_ACTIVE_ARCH = YES;
				SDKROOT = iphoneos;
				SWIFT_ACTIVE_COMPILATION_CONDITIONS = DEBUG;
				SWIFT_OPTIMIZATION_LEVEL = "-Onone";
			};
			name = Debug;
		};
		FFCDD7CD1F02285D00531638 /* Release */ = {
			isa = XCBuildConfiguration;
			buildSettings = {
				ALWAYS_SEARCH_USER_PATHS = NO;
				CLANG_ANALYZER_NONNULL = YES;
				CLANG_ANALYZER_NUMBER_OBJECT_CONVERSION = YES_AGGRESSIVE;
				CLANG_CXX_LANGUAGE_STANDARD = "gnu++0x";
				CLANG_CXX_LIBRARY = "libc++";
				CLANG_ENABLE_MODULES = YES;
				CLANG_ENABLE_OBJC_ARC = YES;
				CLANG_WARN_BOOL_CONVERSION = YES;
				CLANG_WARN_CONSTANT_CONVERSION = YES;
				CLANG_WARN_DIRECT_OBJC_ISA_USAGE = YES_ERROR;
				CLANG_WARN_DOCUMENTATION_COMMENTS = YES;
				CLANG_WARN_EMPTY_BODY = YES;
				CLANG_WARN_ENUM_CONVERSION = YES;
				CLANG_WARN_INFINITE_RECURSION = YES;
				CLANG_WARN_INT_CONVERSION = YES;
				CLANG_WARN_OBJC_ROOT_CLASS = YES_ERROR;
				CLANG_WARN_SUSPICIOUS_MOVE = YES;
				CLANG_WARN_UNREACHABLE_CODE = YES;
				CLANG_WARN__DUPLICATE_METHOD_MATCH = YES;
				"CODE_SIGN_IDENTITY[sdk=iphoneos*]" = "iPhone Developer";
				COPY_PHASE_STRIP = NO;
				DEBUG_INFORMATION_FORMAT = "dwarf-with-dsym";
				ENABLE_NS_ASSERTIONS = NO;
				ENABLE_STRICT_OBJC_MSGSEND = YES;
				GCC_C_LANGUAGE_STANDARD = gnu99;
				GCC_NO_COMMON_BLOCKS = YES;
				GCC_WARN_64_TO_32_BIT_CONVERSION = YES;
				GCC_WARN_ABOUT_RETURN_TYPE = YES_ERROR;
				GCC_WARN_UNDECLARED_SELECTOR = YES;
				GCC_WARN_UNINITIALIZED_AUTOS = YES_AGGRESSIVE;
				GCC_WARN_UNUSED_FUNCTION = YES;
				GCC_WARN_UNUSED_VARIABLE = YES;
				IPHONEOS_DEPLOYMENT_TARGET = 10.3;
				MTL_ENABLE_DEBUG_INFO = NO;
				SDKROOT = iphoneos;
				SWIFT_OPTIMIZATION_LEVEL = "-Owholemodule";
				VALIDATE_PRODUCT = YES;
			};
			name = Release;
		};
		FFCDD7CF1F02285D00531638 /* Debug */ = {
			isa = XCBuildConfiguration;
			baseConfigurationReference = F7BA0F491471C01E61DA6884 /* Pods-esriTrial1.debug.xcconfig */;
			buildSettings = {
				ASSETCATALOG_COMPILER_APPICON_NAME = AppIcon;
				DEVELOPMENT_TEAM = 7AHA4TWS4Y;
				INFOPLIST_FILE = esriTrial1/Info.plist;
				LD_RUNPATH_SEARCH_PATHS = "$(inherited) @executable_path/Frameworks";
				PRODUCT_BUNDLE_IDENTIFIER = tushar.esriTrial1;
				PRODUCT_NAME = "$(TARGET_NAME)";
				SWIFT_VERSION = 3.0;
			};
			name = Debug;
		};
		FFCDD7D01F02285D00531638 /* Release */ = {
			isa = XCBuildConfiguration;
			baseConfigurationReference = F2F41FFF0C0DF64B0E326223 /* Pods-esriTrial1.release.xcconfig */;
			buildSettings = {
				ASSETCATALOG_COMPILER_APPICON_NAME = AppIcon;
				DEVELOPMENT_TEAM = 7AHA4TWS4Y;
				GCC_OPTIMIZATION_LEVEL = fast;
				INFOPLIST_FILE = esriTrial1/Info.plist;
				LD_RUNPATH_SEARCH_PATHS = "$(inherited) @executable_path/Frameworks";
				PRODUCT_BUNDLE_IDENTIFIER = tushar.esriTrial1;
				PRODUCT_NAME = "$(TARGET_NAME)";
				SWIFT_VERSION = 3.0;
			};
			name = Release;
		};
/* End XCBuildConfiguration section */

/* Begin XCConfigurationList section */
		FFCDD7B71F02285D00531638 /* Build configuration list for PBXProject "esriTrial1" */ = {
			isa = XCConfigurationList;
			buildConfigurations = (
				FFCDD7CC1F02285D00531638 /* Debug */,
				FFCDD7CD1F02285D00531638 /* Release */,
			);
			defaultConfigurationIsVisible = 0;
			defaultConfigurationName = Release;
		};
		FFCDD7CE1F02285D00531638 /* Build configuration list for PBXNativeTarget "esriTrial1" */ = {
			isa = XCConfigurationList;
			buildConfigurations = (
				FFCDD7CF1F02285D00531638 /* Debug */,
				FFCDD7D01F02285D00531638 /* Release */,
			);
			defaultConfigurationIsVisible = 0;
			defaultConfigurationName = Release;
		};
/* End XCConfigurationList section */
	};
	rootObject = FFCDD7B41F02285D00531638 /* Project object */;
}
